
Microsoft Visual Studio Solution File, Format Version 12.00
# Visual Studio Version 17
VisualStudioVersion = 17.13.35919.96
MinimumVisualStudioVersion = 10.0.40219.1
Project("{FAE04EC0-301F-11D3-BF4B-00C04F79EFBC}") = "PhoneHub.Api", "PhoneHub.Api\PhoneHub.Api.csproj", "{56716D1F-ABCC-E754-DA44-414F178A5EC2}"
EndProject
Project("{FAE04EC0-301F-11D3-BF4B-00C04F79EFBC}") = "PhoneHub.Core", "PhoneHub.Core\PhoneHub.Core.csproj", "{90085AE6-3F3A-B83E-FE49-3897CF5E3D06}"
EndProject
Project("{FAE04EC0-301F-11D3-BF4B-00C04F79EFBC}") = "PhoneHub.Infrastructure", "PhoneHub.Infrastructure\PhoneHub.Infrastructure.csproj", "{D4FF0F82-4760-2896-57A8-950CA4D7D848}"
EndProject
Global
	GlobalSection(SolutionConfigurationPlatforms) = preSolution
		Debug|Any CPU = Debug|Any CPU
		Release|Any CPU = Release|Any CPU
	EndGlobalSection
	GlobalSection(ProjectConfigurationPlatforms) = postSolution
		{56716D1F-ABCC-E754-DA44-414F178A5EC2}.Debug|Any CPU.ActiveCfg = Debug|Any CPU
		{56716D1F-ABCC-E754-DA44-414F178A5EC2}.Debug|Any CPU.Build.0 = Debug|Any CPU
		{56716D1F-ABCC-E754-DA44-414F178A5EC2}.Release|Any CPU.ActiveCfg = Release|Any CPU
		{56716D1F-ABCC-E754-DA44-414F178A5EC2}.Release|Any CPU.Build.0 = Release|Any CPU
		{90085AE6-3F3A-B83E-FE49-3897CF5E3D06}.Debug|Any CPU.ActiveCfg = Debug|Any CPU
		{90085AE6-3F3A-B83E-FE49-3897CF5E3D06}.Debug|Any CPU.Build.0 = Debug|Any CPU
		{90085AE6-3F3A-B83E-FE49-3897CF5E3D06}.Release|Any CPU.ActiveCfg = Release|Any CPU
		{90085AE6-3F3A-B83E-FE49-3897CF5E3D06}.Release|Any CPU.Build.0 = Release|Any CPU
		{D4FF0F82-4760-2896-57A8-950CA4D7D848}.Debug|Any CPU.ActiveCfg = Debug|Any CPU
		{D4FF0F82-4760-2896-57A8-950CA4D7D848}.Debug|Any CPU.Build.0 = Debug|Any CPU
		{D4FF0F82-4760-2896-57A8-950CA4D7D848}.Release|Any CPU.ActiveCfg = Release|Any CPU
		{D4FF0F82-4760-2896-57A8-950CA4D7D848}.Release|Any CPU.Build.0 = Release|Any CPU
	EndGlobalSection
	GlobalSection(SolutionProperties) = preSolution
		HideSolutionNode = FALSE
	EndGlobalSection
	GlobalSection(ExtensibilityGlobals) = postSolution
		SolutionGuid = {FB50AFA7-EBBF-44E8-8148-357DD31EB861}
	EndGlobalSection
EndGlobal
